
Microsoft Visual Studio Solution File, Format Version 12.00
Project("{2150E333-8FDC-42A3-9474-1A3956D46DE8}") = "src", "src", "{68ED0A6E-DACA-434A-B246-015AF3052BB9}"
EndProject
Project("{2150E333-8FDC-42A3-9474-1A3956D46DE8}") = "test", "test", "{09DB815D-9DFB-4F38-AAA5-CADE01FD9F6B}"
EndProject
Project("{FAE04EC0-301F-11D3-BF4B-00C04F79EFBC}") = "Volo.Abp.Gdpr.Domain", "src\Volo.Abp.Gdpr.Domain\Volo.Abp.Gdpr.Domain.csproj", "{588B6918-49C7-4FCE-B501-3DA0A5499F75}"
EndProject
Project("{FAE04EC0-301F-11D3-BF4B-00C04F79EFBC}") = "Volo.Abp.Gdpr.Application.Contracts", "src\Volo.Abp.Gdpr.Application.Contracts\Volo.Abp.Gdpr.Application.Contracts.csproj", "{472098BA-C3B1-45B1-B6A1-3AED629121D8}"
EndProject
Project("{FAE04EC0-301F-11D3-BF4B-00C04F79EFBC}") = "Volo.Abp.Gdpr.Application", "src\Volo.Abp.Gdpr.Application\Volo.Abp.Gdpr.Application.csproj", "{5392DC31-9B25-494E-91BC-337B4BC35404}"
EndProject
Project("{FAE04EC0-301F-11D3-BF4B-00C04F79EFBC}") = "Volo.Abp.Gdpr.EntityFrameworkCore", "src\Volo.Abp.Gdpr.EntityFrameworkCore\Volo.Abp.Gdpr.EntityFrameworkCore.csproj", "{70F04E55-2B58-4BF1-AC79-C62A02097564}"
EndProject
Project("{FAE04EC0-301F-11D3-BF4B-00C04F79EFBC}") = "Volo.Abp.Gdpr.MongoDB", "src\Volo.Abp.Gdpr.MongoDB\Volo.Abp.Gdpr.MongoDB.csproj", "{2C944175-AFB6-4E88-9DA8-893298005C13}"
EndProject
Project("{FAE04EC0-301F-11D3-BF4B-00C04F79EFBC}") = "Volo.Abp.Gdpr.HttpApi", "src\Volo.Abp.Gdpr.HttpApi\Volo.Abp.Gdpr.HttpApi.csproj", "{9B8EA5E1-0C1B-425C-A523-6DC20E105304}"
EndProject
Project("{FAE04EC0-301F-11D3-BF4B-00C04F79EFBC}") = "Volo.Abp.Gdpr.HttpApi.Client", "src\Volo.Abp.Gdpr.HttpApi.Client\Volo.Abp.Gdpr.HttpApi.Client.csproj", "{82E9288C-1C13-4B96-9C48-D85A82E4B488}"
EndProject
Project("{FAE04EC0-301F-11D3-BF4B-00C04F79EFBC}") = "Volo.Abp.Gdpr.Domain.Shared", "src\Volo.Abp.Gdpr.Domain.Shared\Volo.Abp.Gdpr.Domain.Shared.csproj", "{CE13FB3D-90D8-433D-BB06-8B3CE1946AF8}"
EndProject
Project("{FAE04EC0-301F-11D3-BF4B-00C04F79EFBC}") = "Volo.Abp.Gdpr.Web", "src\Volo.Abp.Gdpr.Web\Volo.Abp.Gdpr.Web.csproj", "{1BAFE64A-9296-4475-97BA-B7EF334680A9}"
EndProject
Project("{FAE04EC0-301F-11D3-BF4B-00C04F79EFBC}") = "Volo.Abp.Gdpr.Application.Tests", "test\Volo.Abp.Gdpr.Application.Tests\Volo.Abp.Gdpr.Application.Tests.csproj", "{50D15D7B-1865-4D28-925B-2A67F3419A0A}"
EndProject
Project("{FAE04EC0-301F-11D3-BF4B-00C04F79EFBC}") = "Volo.Abp.Gdpr.Domain.Tests", "test\Volo.Abp.Gdpr.Domain.Tests\Volo.Abp.Gdpr.Domain.Tests.csproj", "{C5FFF519-0973-43D2-8CC3-2F3503488594}"
EndProject
Project("{FAE04EC0-301F-11D3-BF4B-00C04F79EFBC}") = "Volo.Abp.Gdpr.EntityFrameworkCore.Tests", "test\Volo.Abp.Gdpr.EntityFrameworkCore.Tests\Volo.Abp.Gdpr.EntityFrameworkCore.Tests.csproj", "{2EDCC6E8-F7EB-4840-B5B7-E08FACBFBF6A}"
EndProject
Project("{FAE04EC0-301F-11D3-BF4B-00C04F79EFBC}") = "Volo.Abp.Gdpr.MongoDB.Tests", "test\Volo.Abp.Gdpr.MongoDB.Tests\Volo.Abp.Gdpr.MongoDB.Tests.csproj", "{652F7ADF-C539-40EB-BCC7-4CCA594539F5}"
EndProject
Project("{FAE04EC0-301F-11D3-BF4B-00C04F79EFBC}") = "Volo.Abp.Gdpr.TestBase", "test\Volo.Abp.Gdpr.TestBase\Volo.Abp.Gdpr.TestBase.csproj", "{F6DD2295-1154-4ABC-9DA9-300770CAB510}"
EndProject
Project("{FAE04EC0-301F-11D3-BF4B-00C04F79EFBC}") = "Volo.Abp.Gdpr.Blazor", "src\Volo.Abp.Gdpr.Blazor\Volo.Abp.Gdpr.Blazor.csproj", "{2D18047E-E185-46C7-9CA8-C8F39E8A48FF}"
EndProject
Project("{FAE04EC0-301F-11D3-BF4B-00C04F79EFBC}") = "Volo.Abp.Gdpr.Blazor.Server", "src\Volo.Abp.Gdpr.Blazor.Server\Volo.Abp.Gdpr.Blazor.Server.csproj", "{E7384B77-F225-4F0B-B58C-975F8968EB7E}"
EndProject
Project("{FAE04EC0-301F-11D3-BF4B-00C04F79EFBC}") = "Volo.Abp.Gdpr.Blazor.WebAssembly", "src\Volo.Abp.Gdpr.Blazor.WebAssembly\Volo.Abp.Gdpr.Blazor.WebAssembly.csproj", "{0E5C91E0-F852-47D0-8DF3-6904B0893040}"
EndProject
Project("{FAE04EC0-301F-11D3-BF4B-00C04F79EFBC}") = "Volo.Abp.Gdpr.Installer", "src\Volo.Abp.Gdpr.Installer\Volo.Abp.Gdpr.Installer.csproj", "{E840E318-47A1-4E9F-97CB-18A4BD95746A}"
EndProject
Global
	GlobalSection(SolutionConfigurationPlatforms) = preSolution
		Debug|Any CPU = Debug|Any CPU
		Release|Any CPU = Release|Any CPU
	EndGlobalSection
	GlobalSection(ProjectConfigurationPlatforms) = postSolution
		{588B6918-49C7-4FCE-B501-3DA0A5499F75}.Debug|Any CPU.ActiveCfg = Debug|Any CPU
		{588B6918-49C7-4FCE-B501-3DA0A5499F75}.Debug|Any CPU.Build.0 = Debug|Any CPU
		{588B6918-49C7-4FCE-B501-3DA0A5499F75}.Release|Any CPU.ActiveCfg = Release|Any CPU
		{588B6918-49C7-4FCE-B501-3DA0A5499F75}.Release|Any CPU.Build.0 = Release|Any CPU
		{472098BA-C3B1-45B1-B6A1-3AED629121D8}.Debug|Any CPU.ActiveCfg = Debug|Any CPU
		{472098BA-C3B1-45B1-B6A1-3AED629121D8}.Debug|Any CPU.Build.0 = Debug|Any CPU
		{472098BA-C3B1-45B1-B6A1-3AED629121D8}.Release|Any CPU.ActiveCfg = Release|Any CPU
		{472098BA-C3B1-45B1-B6A1-3AED629121D8}.Release|Any CPU.Build.0 = Release|Any CPU
		{5392DC31-9B25-494E-91BC-337B4BC35404}.Debug|Any CPU.ActiveCfg = Debug|Any CPU
		{5392DC31-9B25-494E-91BC-337B4BC35404}.Debug|Any CPU.Build.0 = Debug|Any CPU
		{5392DC31-9B25-494E-91BC-337B4BC35404}.Release|Any CPU.ActiveCfg = Release|Any CPU
		{5392DC31-9B25-494E-91BC-337B4BC35404}.Release|Any CPU.Build.0 = Release|Any CPU
		{70F04E55-2B58-4BF1-AC79-C62A02097564}.Debug|Any CPU.ActiveCfg = Debug|Any CPU
		{70F04E55-2B58-4BF1-AC79-C62A02097564}.Debug|Any CPU.Build.0 = Debug|Any CPU
		{70F04E55-2B58-4BF1-AC79-C62A02097564}.Release|Any CPU.ActiveCfg = Release|Any CPU
		{70F04E55-2B58-4BF1-AC79-C62A02097564}.Release|Any CPU.Build.0 = Release|Any CPU
		{2C944175-AFB6-4E88-9DA8-893298005C13}.Debug|Any CPU.ActiveCfg = Debug|Any CPU
		{2C944175-AFB6-4E88-9DA8-893298005C13}.Debug|Any CPU.Build.0 = Debug|Any CPU
		{2C944175-AFB6-4E88-9DA8-893298005C13}.Release|Any CPU.ActiveCfg = Release|Any CPU
		{2C944175-AFB6-4E88-9DA8-893298005C13}.Release|Any CPU.Build.0 = Release|Any CPU
		{9B8EA5E1-0C1B-425C-A523-6DC20E105304}.Debug|Any CPU.ActiveCfg = Debug|Any CPU
		{9B8EA5E1-0C1B-425C-A523-6DC20E105304}.Debug|Any CPU.Build.0 = Debug|Any CPU
		{9B8EA5E1-0C1B-425C-A523-6DC20E105304}.Release|Any CPU.ActiveCfg = Release|Any CPU
		{9B8EA5E1-0C1B-425C-A523-6DC20E105304}.Release|Any CPU.Build.0 = Release|Any CPU
		{82E9288C-1C13-4B96-9C48-D85A82E4B488}.Debug|Any CPU.ActiveCfg = Debug|Any CPU
		{82E9288C-1C13-4B96-9C48-D85A82E4B488}.Debug|Any CPU.Build.0 = Debug|Any CPU
		{82E9288C-1C13-4B96-9C48-D85A82E4B488}.Release|Any CPU.ActiveCfg = Release|Any CPU
		{82E9288C-1C13-4B96-9C48-D85A82E4B488}.Release|Any CPU.Build.0 = Release|Any CPU
		{CE13FB3D-90D8-433D-BB06-8B3CE1946AF8}.Debug|Any CPU.ActiveCfg = Debug|Any CPU
		{CE13FB3D-90D8-433D-BB06-8B3CE1946AF8}.Debug|Any CPU.Build.0 = Debug|Any CPU
		{CE13FB3D-90D8-433D-BB06-8B3CE1946AF8}.Release|Any CPU.ActiveCfg = Release|Any CPU
		{CE13FB3D-90D8-433D-BB06-8B3CE1946AF8}.Release|Any CPU.Build.0 = Release|Any CPU
		{1BAFE64A-9296-4475-97BA-B7EF334680A9}.Debug|Any CPU.ActiveCfg = Debug|Any CPU
		{1BAFE64A-9296-4475-97BA-B7EF334680A9}.Debug|Any CPU.Build.0 = Debug|Any CPU
		{1BAFE64A-9296-4475-97BA-B7EF334680A9}.Release|Any CPU.ActiveCfg = Release|Any CPU
		{1BAFE64A-9296-4475-97BA-B7EF334680A9}.Release|Any CPU.Build.0 = Release|Any CPU
		{50D15D7B-1865-4D28-925B-2A67F3419A0A}.Debug|Any CPU.ActiveCfg = Debug|Any CPU
		{50D15D7B-1865-4D28-925B-2A67F3419A0A}.Debug|Any CPU.Build.0 = Debug|Any CPU
		{50D15D7B-1865-4D28-925B-2A67F3419A0A}.Release|Any CPU.ActiveCfg = Release|Any CPU
		{50D15D7B-1865-4D28-925B-2A67F3419A0A}.Release|Any CPU.Build.0 = Release|Any CPU
		{C5FFF519-0973-43D2-8CC3-2F3503488594}.Debug|Any CPU.ActiveCfg = Debug|Any CPU
		{C5FFF519-0973-43D2-8CC3-2F3503488594}.Debug|Any CPU.Build.0 = Debug|Any CPU
		{C5FFF519-0973-43D2-8CC3-2F3503488594}.Release|Any CPU.ActiveCfg = Release|Any CPU
		{C5FFF519-0973-43D2-8CC3-2F3503488594}.Release|Any CPU.Build.0 = Release|Any CPU
		{2EDCC6E8-F7EB-4840-B5B7-E08FACBFBF6A}.Debug|Any CPU.ActiveCfg = Debug|Any CPU
		{2EDCC6E8-F7EB-4840-B5B7-E08FACBFBF6A}.Debug|Any CPU.Build.0 = Debug|Any CPU
		{2EDCC6E8-F7EB-4840-B5B7-E08FACBFBF6A}.Release|Any CPU.ActiveCfg = Release|Any CPU
		{2EDCC6E8-F7EB-4840-B5B7-E08FACBFBF6A}.Release|Any CPU.Build.0 = Release|Any CPU
		{652F7ADF-C539-40EB-BCC7-4CCA594539F5}.Debug|Any CPU.ActiveCfg = Debug|Any CPU
		{652F7ADF-C539-40EB-BCC7-4CCA594539F5}.Debug|Any CPU.Build.0 = Debug|Any CPU
		{652F7ADF-C539-40EB-BCC7-4CCA594539F5}.Release|Any CPU.ActiveCfg = Release|Any CPU
		{652F7ADF-C539-40EB-BCC7-4CCA594539F5}.Release|Any CPU.Build.0 = Release|Any CPU
		{F6DD2295-1154-4ABC-9DA9-300770CAB510}.Debug|Any CPU.ActiveCfg = Debug|Any CPU
		{F6DD2295-1154-4ABC-9DA9-300770CAB510}.Debug|Any CPU.Build.0 = Debug|Any CPU
		{F6DD2295-1154-4ABC-9DA9-300770CAB510}.Release|Any CPU.ActiveCfg = Release|Any CPU
		{F6DD2295-1154-4ABC-9DA9-300770CAB510}.Release|Any CPU.Build.0 = Release|Any CPU
		{2D18047E-E185-46C7-9CA8-C8F39E8A48FF}.Debug|Any CPU.ActiveCfg = Debug|Any CPU
		{2D18047E-E185-46C7-9CA8-C8F39E8A48FF}.Debug|Any CPU.Build.0 = Debug|Any CPU
		{2D18047E-E185-46C7-9CA8-C8F39E8A48FF}.Release|Any CPU.ActiveCfg = Release|Any CPU
		{2D18047E-E185-46C7-9CA8-C8F39E8A48FF}.Release|Any CPU.Build.0 = Release|Any CPU
		{E7384B77-F225-4F0B-B58C-975F8968EB7E}.Debug|Any CPU.ActiveCfg = Debug|Any CPU
		{E7384B77-F225-4F0B-B58C-975F8968EB7E}.Debug|Any CPU.Build.0 = Debug|Any CPU
		{E7384B77-F225-4F0B-B58C-975F8968EB7E}.Release|Any CPU.ActiveCfg = Release|Any CPU
		{E7384B77-F225-4F0B-B58C-975F8968EB7E}.Release|Any CPU.Build.0 = Release|Any CPU
		{0E5C91E0-F852-47D0-8DF3-6904B0893040}.Debug|Any CPU.ActiveCfg = Debug|Any CPU
		{0E5C91E0-F852-47D0-8DF3-6904B0893040}.Debug|Any CPU.Build.0 = Debug|Any CPU
		{0E5C91E0-F852-47D0-8DF3-6904B0893040}.Release|Any CPU.ActiveCfg = Release|Any CPU
		{0E5C91E0-F852-47D0-8DF3-6904B0893040}.Release|Any CPU.Build.0 = Release|Any CPU
		{E840E318-47A1-4E9F-97CB-18A4BD95746A}.Debug|Any CPU.ActiveCfg = Debug|Any CPU
		{E840E318-47A1-4E9F-97CB-18A4BD95746A}.Debug|Any CPU.Build.0 = Debug|Any CPU
		{E840E318-47A1-4E9F-97CB-18A4BD95746A}.Release|Any CPU.ActiveCfg = Release|Any CPU
		{E840E318-47A1-4E9F-97CB-18A4BD95746A}.Release|Any CPU.Build.0 = Release|Any CPU
	EndGlobalSection
	GlobalSection(NestedProjects) = preSolution
		{5392DC31-9B25-494E-91BC-337B4BC35404} = {68ED0A6E-DACA-434A-B246-015AF3052BB9}
		{472098BA-C3B1-45B1-B6A1-3AED629121D8} = {68ED0A6E-DACA-434A-B246-015AF3052BB9}
		{588B6918-49C7-4FCE-B501-3DA0A5499F75} = {68ED0A6E-DACA-434A-B246-015AF3052BB9}
		{CE13FB3D-90D8-433D-BB06-8B3CE1946AF8} = {68ED0A6E-DACA-434A-B246-015AF3052BB9}
		{70F04E55-2B58-4BF1-AC79-C62A02097564} = {68ED0A6E-DACA-434A-B246-015AF3052BB9}
		{9B8EA5E1-0C1B-425C-A523-6DC20E105304} = {68ED0A6E-DACA-434A-B246-015AF3052BB9}
		{82E9288C-1C13-4B96-9C48-D85A82E4B488} = {68ED0A6E-DACA-434A-B246-015AF3052BB9}
		{2C944175-AFB6-4E88-9DA8-893298005C13} = {68ED0A6E-DACA-434A-B246-015AF3052BB9}
		{1BAFE64A-9296-4475-97BA-B7EF334680A9} = {68ED0A6E-DACA-434A-B246-015AF3052BB9}
		{2EDCC6E8-F7EB-4840-B5B7-E08FACBFBF6A} = {09DB815D-9DFB-4F38-AAA5-CADE01FD9F6B}
		{C5FFF519-0973-43D2-8CC3-2F3503488594} = {09DB815D-9DFB-4F38-AAA5-CADE01FD9F6B}
		{F6DD2295-1154-4ABC-9DA9-300770CAB510} = {09DB815D-9DFB-4F38-AAA5-CADE01FD9F6B}
		{50D15D7B-1865-4D28-925B-2A67F3419A0A} = {09DB815D-9DFB-4F38-AAA5-CADE01FD9F6B}
		{652F7ADF-C539-40EB-BCC7-4CCA594539F5} = {09DB815D-9DFB-4F38-AAA5-CADE01FD9F6B}
		{2D18047E-E185-46C7-9CA8-C8F39E8A48FF} = {68ED0A6E-DACA-434A-B246-015AF3052BB9}
		{E7384B77-F225-4F0B-B58C-975F8968EB7E} = {68ED0A6E-DACA-434A-B246-015AF3052BB9}
		{0E5C91E0-F852-47D0-8DF3-6904B0893040} = {68ED0A6E-DACA-434A-B246-015AF3052BB9}
		{E840E318-47A1-4E9F-97CB-18A4BD95746A} = {68ED0A6E-DACA-434A-B246-015AF3052BB9}
	EndGlobalSection
EndGlobal
